// !$*UTF8*$!
{
	archiveVersion = 1;
	classes = {
	};
	objectVersion = 46;
	objects = {

/* Begin PBXBuildFile section */
		E8B2823616C3AAEC008E03A0 /* UIKit.framework in Frameworks */ = {isa = PBXBuildFile; fileRef = E8B2823516C3AAEC008E03A0 /* UIKit.framework */; };
		E8B2823816C3AAEC008E03A0 /* Foundation.framework in Frameworks */ = {isa = PBXBuildFile; fileRef = E8B2823716C3AAEC008E03A0 /* Foundation.framework */; };
		E8B2823A16C3AAEC008E03A0 /* CoreGraphics.framework in Frameworks */ = {isa = PBXBuildFile; fileRef = E8B2823916C3AAEC008E03A0 /* CoreGraphics.framework */; };
		E8B2823C16C3AAEC008E03A0 /* GLKit.framework in Frameworks */ = {isa = PBXBuildFile; fileRef = E8B2823B16C3AAEC008E03A0 /* GLKit.framework */; };
		E8B2823E16C3AAEC008E03A0 /* OpenGLES.framework in Frameworks */ = {isa = PBXBuildFile; fileRef = E8B2823D16C3AAEC008E03A0 /* OpenGLES.framework */; };
		E8B2824416C3AAEC008E03A0 /* InfoPlist.strings in Resources */ = {isa = PBXBuildFile; fileRef = E8B2824216C3AAEC008E03A0 /* InfoPlist.strings */; };
		E8B2824616C3AAEC008E03A0 /* main.m in Sources */ = {isa = PBXBuildFile; fileRef = E8B2824516C3AAEC008E03A0 /* main.m */; };
		E8B2824A16C3AAEC008E03A0 /* AppDelegate.m in Sources */ = {isa = PBXBuildFile; fileRef = E8B2824916C3AAEC008E03A0 /* AppDelegate.m */; };
		E8B2824C16C3AAED008E03A0 /* Default.png in Resources */ = {isa = PBXBuildFile; fileRef = E8B2824B16C3AAEC008E03A0 /* Default.png */; };
		E8B2824E16C3AAED008E03A0 /* Default@2x.png in Resources */ = {isa = PBXBuildFile; fileRef = E8B2824D16C3AAED008E03A0 /* Default@2x.png */; };
		E8B2825016C3AAED008E03A0 /* Default-568h@2x.png in Resources */ = {isa = PBXBuildFile; fileRef = E8B2824F16C3AAED008E03A0 /* Default-568h@2x.png */; };
		E8B2825316C3AAED008E03A0 /* MainStoryboard_iPhone.storyboard in Resources */ = {isa = PBXBuildFile; fileRef = E8B2825116C3AAED008E03A0 /* MainStoryboard_iPhone.storyboard */; };
		E8B2825616C3AAED008E03A0 /* MainStoryboard_iPad.storyboard in Resources */ = {isa = PBXBuildFile; fileRef = E8B2825416C3AAED008E03A0 /* MainStoryboard_iPad.storyboard */; };
		E8B2825816C3AAED008E03A0 /* Shader.fsh in Resources */ = {isa = PBXBuildFile; fileRef = E8B2825716C3AAED008E03A0 /* Shader.fsh */; };
		E8B2825A16C3AAED008E03A0 /* Shader.vsh in Resources */ = {isa = PBXBuildFile; fileRef = E8B2825916C3AAED008E03A0 /* Shader.vsh */; };
		E8B2825D16C3AAED008E03A0 /* ViewController.m in Sources */ = {isa = PBXBuildFile; fileRef = E8B2825C16C3AAED008E03A0 /* ViewController.m */; };
		E8B2826516C3AAED008E03A0 /* SenTestingKit.framework in Frameworks */ = {isa = PBXBuildFile; fileRef = E8B2826416C3AAED008E03A0 /* SenTestingKit.framework */; };
		E8B2826616C3AAED008E03A0 /* UIKit.framework in Frameworks */ = {isa = PBXBuildFile; fileRef = E8B2823516C3AAEC008E03A0 /* UIKit.framework */; };
		E8B2826716C3AAED008E03A0 /* Foundation.framework in Frameworks */ = {isa = PBXBuildFile; fileRef = E8B2823716C3AAEC008E03A0 /* Foundation.framework */; };
		E8B2826F16C3AAED008E03A0 /* InfoPlist.strings in Resources */ = {isa = PBXBuildFile; fileRef = E8B2826D16C3AAED008E03A0 /* InfoPlist.strings */; };
		E8B2827216C3AAED008E03A0 /* testTests.m in Sources */ = {isa = PBXBuildFile; fileRef = E8B2827116C3AAED008E03A0 /* testTests.m */; };
/* End PBXBuildFile section */

/* Begin PBXContainerItemProxy section */
		E8B2826816C3AAED008E03A0 /* PBXContainerItemProxy */ = {
			isa = PBXContainerItemProxy;
			containerPortal = E8B2822A16C3AAEC008E03A0 /* Project object */;
			proxyType = 1;
			remoteGlobalIDString = E8B2823116C3AAEC008E03A0;
			remoteInfo = test;
		};
/* End PBXContainerItemProxy section */

/* Begin PBXFileReference section */
		E8B2823216C3AAEC008E03A0 /* test.app */ = {isa = PBXFileReference; explicitFileType = wrapper.application; includeInIndex = 0; path = test.app; sourceTree = BUILT_PRODUCTS_DIR; };
		E8B2823516C3AAEC008E03A0 /* UIKit.framework */ = {isa = PBXFileReference; lastKnownFileType = wrapper.framework; name = UIKit.framework; path = System/Library/Frameworks/UIKit.framework; sourceTree = SDKROOT; };
		E8B2823716C3AAEC008E03A0 /* Foundation.framework */ = {isa = PBXFileReference; lastKnownFileType = wrapper.framework; name = Foundation.framework; path = System/Library/Frameworks/Foundation.framework; sourceTree = SDKROOT; };
		E8B2823916C3AAEC008E03A0 /* CoreGraphics.framework */ = {isa = PBXFileReference; lastKnownFileType = wrapper.framework; name = CoreGraphics.framework; path = System/Library/Frameworks/CoreGraphics.framework; sourceTree = SDKROOT; };
		E8B2823B16C3AAEC008E03A0 /* GLKit.framework */ = {isa = PBXFileReference; lastKnownFileType = wrapper.framework; name = GLKit.framework; path = System/Library/Frameworks/GLKit.framework; sourceTree = SDKROOT; };
		E8B2823D16C3AAEC008E03A0 /* OpenGLES.framework */ = {isa = PBXFileReference; lastKnownFileType = wrapper.framework; name = OpenGLES.framework; path = System/Library/Frameworks/OpenGLES.framework; sourceTree = SDKROOT; };
		E8B2824116C3AAEC008E03A0 /* test-Info.plist */ = {isa = PBXFileReference; lastKnownFileType = text.plist.xml; path = "test-Info.plist"; sourceTree = "<group>"; };
		E8B2824316C3AAEC008E03A0 /* en */ = {isa = PBXFileReference; lastKnownFileType = text.plist.strings; name = en; path = en.lproj/InfoPlist.strings; sourceTree = "<group>"; };
		E8B2824516C3AAEC008E03A0 /* main.m */ = {isa = PBXFileReference; lastKnownFileType = sourcecode.c.objc; path = main.m; sourceTree = "<group>"; };
		E8B2824716C3AAEC008E03A0 /* test-Prefix.pch */ = {isa = PBXFileReference; lastKnownFileType = sourcecode.c.h; path = "test-Prefix.pch"; sourceTree = "<group>"; };
		E8B2824816C3AAEC008E03A0 /* AppDelegate.h */ = {isa = PBXFileReference; lastKnownFileType = sourcecode.c.h; path = AppDelegate.h; sourceTree = "<group>"; };
		E8B2824916C3AAEC008E03A0 /* AppDelegate.m */ = {isa = PBXFileReference; lastKnownFileType = sourcecode.c.objc; path = AppDelegate.m; sourceTree = "<group>"; };
		E8B2824B16C3AAEC008E03A0 /* Default.png */ = {isa = PBXFileReference; lastKnownFileType = image.png; path = Default.png; sourceTree = "<group>"; };
		E8B2824D16C3AAED008E03A0 /* Default@2x.png */ = {isa = PBXFileReference; lastKnownFileType = image.png; path = "Default@2x.png"; sourceTree = "<group>"; };
		E8B2824F16C3AAED008E03A0 /* Default-568h@2x.png */ = {isa = PBXFileReference; lastKnownFileType = image.png; path = "Default-568h@2x.png"; sourceTree = "<group>"; };
		E8B2825216C3AAED008E03A0 /* en */ = {isa = PBXFileReference; lastKnownFileType = file.storyboard; name = en; path = en.lproj/MainStoryboard_iPhone.storyboard; sourceTree = "<group>"; };
		E8B2825516C3AAED008E03A0 /* en */ = {isa = PBXFileReference; lastKnownFileType = file.storyboard; name = en; path = en.lproj/MainStoryboard_iPad.storyboard; sourceTree = "<group>"; };
		E8B2825716C3AAED008E03A0 /* Shader.fsh */ = {isa = PBXFileReference; lastKnownFileType = sourcecode.glsl; name = Shader.fsh; path = Shaders/Shader.fsh; sourceTree = "<group>"; };
		E8B2825916C3AAED008E03A0 /* Shader.vsh */ = {isa = PBXFileReference; lastKnownFileType = sourcecode.glsl; name = Shader.vsh; path = Shaders/Shader.vsh; sourceTree = "<group>"; };
		E8B2825B16C3AAED008E03A0 /* ViewController.h */ = {isa = PBXFileReference; lastKnownFileType = sourcecode.c.h; path = ViewController.h; sourceTree = "<group>"; };
		E8B2825C16C3AAED008E03A0 /* ViewController.m */ = {isa = PBXFileReference; lastKnownFileType = sourcecode.c.objc; path = ViewController.m; sourceTree = "<group>"; };
		E8B2826316C3AAED008E03A0 /* testTests.octest */ = {isa = PBXFileReference; explicitFileType = wrapper.cfbundle; includeInIndex = 0; path = testTests.octest; sourceTree = BUILT_PRODUCTS_DIR; };
		E8B2826416C3AAED008E03A0 /* SenTestingKit.framework */ = {isa = PBXFileReference; lastKnownFileType = wrapper.framework; name = SenTestingKit.framework; path = Library/Frameworks/SenTestingKit.framework; sourceTree = DEVELOPER_DIR; };
		E8B2826C16C3AAED008E03A0 /* testTests-Info.plist */ = {isa = PBXFileReference; lastKnownFileType = text.plist.xml; path = "testTests-Info.plist"; sourceTree = "<group>"; };
		E8B2826E16C3AAED008E03A0 /* en */ = {isa = PBXFileReference; lastKnownFileType = text.plist.strings; name = en; path = en.lproj/InfoPlist.strings; sourceTree = "<group>"; };
		E8B2827016C3AAED008E03A0 /* testTests.h */ = {isa = PBXFileReference; lastKnownFileType = sourcecode.c.h; path = testTests.h; sourceTree = "<group>"; };
		E8B2827116C3AAED008E03A0 /* testTests.m */ = {isa = PBXFileReference; lastKnownFileType = sourcecode.c.objc; path = testTests.m; sourceTree = "<group>"; };
/* End PBXFileReference section */

/* Begin PBXFrameworksBuildPhase section */
		E8B2822F16C3AAEC008E03A0 /* Frameworks */ = {
			isa = PBXFrameworksBuildPhase;
			buildActionMask = 2147483647;
			files = (
				E8B2823616C3AAEC008E03A0 /* UIKit.framework in Frameworks */,
				E8B2823816C3AAEC008E03A0 /* Foundation.framework in Frameworks */,
				E8B2823A16C3AAEC008E03A0 /* CoreGraphics.framework in Frameworks */,
				E8B2823C16C3AAEC008E03A0 /* GLKit.framework in Frameworks */,
				E8B2823E16C3AAEC008E03A0 /* OpenGLES.framework in Frameworks */,
			);
			runOnlyForDeploymentPostprocessing = 0;
		};
		E8B2825F16C3AAED008E03A0 /* Frameworks */ = {
			isa = PBXFrameworksBuildPhase;
			buildActionMask = 2147483647;
			files = (
				E8B2826516C3AAED008E03A0 /* SenTestingKit.framework in Frameworks */,
				E8B2826616C3AAED008E03A0 /* UIKit.framework in Frameworks */,
				E8B2826716C3AAED008E03A0 /* Foundation.framework in Frameworks */,
			);
			runOnlyForDeploymentPostprocessing = 0;
		};
/* End PBXFrameworksBuildPhase section */

/* Begin PBXGroup section */
		E8B2822916C3AAEC008E03A0 = {
			isa = PBXGroup;
			children = (
				E8B2823F16C3AAEC008E03A0 /* test */,
				E8B2826A16C3AAED008E03A0 /* testTests */,
				E8B2823416C3AAEC008E03A0 /* Frameworks */,
				E8B2823316C3AAEC008E03A0 /* Products */,
			);
			sourceTree = "<group>";
		};
		E8B2823316C3AAEC008E03A0 /* Products */ = {
			isa = PBXGroup;
			children = (
				E8B2823216C3AAEC008E03A0 /* test.app */,
				E8B2826316C3AAED008E03A0 /* testTests.octest */,
			);
			name = Products;
			sourceTree = "<group>";
		};
		E8B2823416C3AAEC008E03A0 /* Frameworks */ = {
			isa = PBXGroup;
			children = (
				E8B2823516C3AAEC008E03A0 /* UIKit.framework */,
				E8B2823716C3AAEC008E03A0 /* Foundation.framework */,
				E8B2823916C3AAEC008E03A0 /* CoreGraphics.framework */,
				E8B2823B16C3AAEC008E03A0 /* GLKit.framework */,
				E8B2823D16C3AAEC008E03A0 /* OpenGLES.framework */,
				E8B2826416C3AAED008E03A0 /* SenTestingKit.framework */,
			);
			name = Frameworks;
			sourceTree = "<group>";
		};
		E8B2823F16C3AAEC008E03A0 /* test */ = {
			isa = PBXGroup;
			children = (
				E8B2824816C3AAEC008E03A0 /* AppDelegate.h */,
				E8B2824916C3AAEC008E03A0 /* AppDelegate.m */,
				E8B2825116C3AAED008E03A0 /* MainStoryboard_iPhone.storyboard */,
				E8B2825416C3AAED008E03A0 /* MainStoryboard_iPad.storyboard */,
				E8B2825716C3AAED008E03A0 /* Shader.fsh */,
				E8B2825916C3AAED008E03A0 /* Shader.vsh */,
				E8B2825B16C3AAED008E03A0 /* ViewController.h */,
				E8B2825C16C3AAED008E03A0 /* ViewController.m */,
				E8B2824016C3AAEC008E03A0 /* Supporting Files */,
			);
			path = test;
			sourceTree = "<group>";
		};
		E8B2824016C3AAEC008E03A0 /* Supporting Files */ = {
			isa = PBXGroup;
			children = (
				E8B2824116C3AAEC008E03A0 /* test-Info.plist */,
				E8B2824216C3AAEC008E03A0 /* InfoPlist.strings */,
				E8B2824516C3AAEC008E03A0 /* main.m */,
				E8B2824716C3AAEC008E03A0 /* test-Prefix.pch */,
				E8B2824B16C3AAEC008E03A0 /* Default.png */,
				E8B2824D16C3AAED008E03A0 /* Default@2x.png */,
				E8B2824F16C3AAED008E03A0 /* Default-568h@2x.png */,
			);
			name = "Supporting Files";
			sourceTree = "<group>";
		};
		E8B2826A16C3AAED008E03A0 /* testTests */ = {
			isa = PBXGroup;
			children = (
				E8B2827016C3AAED008E03A0 /* testTests.h */,
				E8B2827116C3AAED008E03A0 /* testTests.m */,
				E8B2826B16C3AAED008E03A0 /* Supporting Files */,
			);
			path = testTests;
			sourceTree = "<group>";
		};
		E8B2826B16C3AAED008E03A0 /* Supporting Files */ = {
			isa = PBXGroup;
			children = (
				E8B2826C16C3AAED008E03A0 /* testTests-Info.plist */,
				E8B2826D16C3AAED008E03A0 /* InfoPlist.strings */,
			);
			name = "Supporting Files";
			sourceTree = "<group>";
		};
/* End PBXGroup section */

/* Begin PBXNativeTarget section */
		E8B2823116C3AAEC008E03A0 /* test */ = {
			isa = PBXNativeTarget;
			buildConfigurationList = E8B2827516C3AAED008E03A0 /* Build configuration list for PBXNativeTarget "test" */;
			buildPhases = (
				E8B2822E16C3AAEC008E03A0 /* Sources */,
				E8B2822F16C3AAEC008E03A0 /* Frameworks */,
				E8B2823016C3AAEC008E03A0 /* Resources */,
			);
			buildRules = (
			);
			dependencies = (
			);
			name = test;
			productName = test;
			productReference = E8B2823216C3AAEC008E03A0 /* test.app */;
			productType = "com.apple.product-type.application";
		};
		E8B2826216C3AAED008E03A0 /* testTests */ = {
			isa = PBXNativeTarget;
			buildConfigurationList = E8B2827816C3AAED008E03A0 /* Build configuration list for PBXNativeTarget "testTests" */;
			buildPhases = (
				E8B2825E16C3AAED008E03A0 /* Sources */,
				E8B2825F16C3AAED008E03A0 /* Frameworks */,
				E8B2826016C3AAED008E03A0 /* Resources */,
				E8B2826116C3AAED008E03A0 /* ShellScript */,
			);
			buildRules = (
			);
			dependencies = (
				E8B2826916C3AAED008E03A0 /* PBXTargetDependency */,
			);
			name = testTests;
			productName = testTests;
			productReference = E8B2826316C3AAED008E03A0 /* testTests.octest */;
			productType = "com.apple.product-type.bundle";
		};
/* End PBXNativeTarget section */

/* Begin PBXProject section */
		E8B2822A16C3AAEC008E03A0 /* Project object */ = {
			isa = PBXProject;
			attributes = {
				LastUpgradeCheck = 0460;
				ORGANIZATIONNAME = velerofont;
			};
			buildConfigurationList = E8B2822D16C3AAEC008E03A0 /* Build configuration list for PBXProject "test" */;
			compatibilityVersion = "Xcode 3.2";
			developmentRegion = English;
			hasScannedForEncodings = 0;
			knownRegions = (
				en,
			);
			mainGroup = E8B2822916C3AAEC008E03A0;
			productRefGroup = E8B2823316C3AAEC008E03A0 /* Products */;
			projectDirPath = "";
			projectRoot = "";
			targets = (
				E8B2823116C3AAEC008E03A0 /* test */,
				E8B2826216C3AAED008E03A0 /* testTests */,
			);
		};
/* End PBXProject section */

/* Begin PBXResourcesBuildPhase section */
		E8B2823016C3AAEC008E03A0 /* Resources */ = {
			isa = PBXResourcesBuildPhase;
			buildActionMask = 2147483647;
			files = (
				E8B2824416C3AAEC008E03A0 /* InfoPlist.strings in Resources */,
				E8B2824C16C3AAED008E03A0 /* Default.png in Resources */,
				E8B2824E16C3AAED008E03A0 /* Default@2x.png in Resources */,
				E8B2825016C3AAED008E03A0 /* Default-568h@2x.png in Resources */,
				E8B2825316C3AAED008E03A0 /* MainStoryboard_iPhone.storyboard in Resources */,
				E8B2825616C3AAED008E03A0 /* MainStoryboard_iPad.storyboard in Resources */,
				E8B2825816C3AAED008E03A0 /* Shader.fsh in Resources */,
				E8B2825A16C3AAED008E03A0 /* Shader.vsh in Resources */,
			);
			runOnlyForDeploymentPostprocessing = 0;
		};
		E8B2826016C3AAED008E03A0 /* Resources */ = {
			isa = PBXResourcesBuildPhase;
			buildActionMask = 2147483647;
			files = (
				E8B2826F16C3AAED008E03A0 /* InfoPlist.strings in Resources */,
			);
			runOnlyForDeploymentPostprocessing = 0;
		};
/* End PBXResourcesBuildPhase section */

/* Begin PBXShellScriptBuildPhase section */
		E8B2826116C3AAED008E03A0 /* ShellScript */ = {
			isa = PBXShellScriptBuildPhase;
			buildActionMask = 2147483647;
			files = (
			);
			inputPaths = (
			);
			outputPaths = (
			);
			runOnlyForDeploymentPostprocessing = 0;
			shellPath = /bin/sh;
			shellScript = "# Run the unit tests in this test bundle.\n\"${SYSTEM_DEVELOPER_DIR}/Tools/RunUnitTests\"\n";
		};
/* End PBXShellScriptBuildPhase section */

/* Begin PBXSourcesBuildPhase section */
		E8B2822E16C3AAEC008E03A0 /* Sources */ = {
			isa = PBXSourcesBuildPhase;
			buildActionMask = 2147483647;
			files = (
				E8B2824616C3AAEC008E03A0 /* main.m in Sources */,
				E8B2824A16C3AAEC008E03A0 /* AppDelegate.m in Sources */,
				E8B2825D16C3AAED008E03A0 /* ViewController.m in Sources */,
			);
			runOnlyForDeploymentPostprocessing = 0;
		};
		E8B2825E16C3AAED008E03A0 /* Sources */ = {
			isa = PBXSourcesBuildPhase;
			buildActionMask = 2147483647;
			files = (
				E8B2827216C3AAED008E03A0 /* testTests.m in Sources */,
			);
			runOnlyForDeploymentPostprocessing = 0;
		};
/* End PBXSourcesBuildPhase section */

/* Begin PBXTargetDependency section */
		E8B2826916C3AAED008E03A0 /* PBXTargetDependency */ = {
			isa = PBXTargetDependency;
			target = E8B2823116C3AAEC008E03A0 /* test */;
			targetProxy = E8B2826816C3AAED008E03A0 /* PBXContainerItemProxy */;
		};
/* End PBXTargetDependency section */

/* Begin PBXVariantGroup section */
		E8B2824216C3AAEC008E03A0 /* InfoPlist.strings */ = {
			isa = PBXVariantGroup;
			children = (
				E8B2824316C3AAEC008E03A0 /* en */,
			);
			name = InfoPlist.strings;
			sourceTree = "<group>";
		};
		E8B2825116C3AAED008E03A0 /* MainStoryboard_iPhone.storyboard */ = {
			isa = PBXVariantGroup;
			children = (
				E8B2825216C3AAED008E03A0 /* en */,
			);
			name = MainStoryboard_iPhone.storyboard;
			sourceTree = "<group>";
		};
		E8B2825416C3AAED008E03A0 /* MainStoryboard_iPad.storyboard */ = {
			isa = PBXVariantGroup;
			children = (
				E8B2825516C3AAED008E03A0 /* en */,
			);
			name = MainStoryboard_iPad.storyboard;
			sourceTree = "<group>";
		};
		E8B2826D16C3AAED008E03A0 /* InfoPlist.strings */ = {
			isa = PBXVariantGroup;
			children = (
				E8B2826E16C3AAED008E03A0 /* en */,
			);
			name = InfoPlist.strings;
			sourceTree = "<group>";
		};
/* End PBXVariantGroup section */

/* Begin XCBuildConfiguration section */
		E8B2827316C3AAED008E03A0 /* Debug */ = {
			isa = XCBuildConfiguration;
			buildSettings = {
				ALWAYS_SEARCH_USER_PATHS = NO;
				CLANG_CXX_LANGUAGE_STANDARD = "gnu++0x";
				CLANG_CXX_LIBRARY = "libc++";
				CLANG_ENABLE_OBJC_ARC = YES;
				CLANG_WARN_CONSTANT_CONVERSION = YES;
				CLANG_WARN_EMPTY_BODY = YES;
				CLANG_WARN_ENUM_CONVERSION = YES;
				CLANG_WARN_INT_CONVERSION = YES;
				CLANG_WARN__DUPLICATE_METHOD_MATCH = YES;
				"CODE_SIGN_IDENTITY[sdk=iphoneos*]" = "iPhone Developer";
				COPY_PHASE_STRIP = NO;
				GCC_C_LANGUAGE_STANDARD = gnu99;
				GCC_DYNAMIC_NO_PIC = NO;
				GCC_OPTIMIZATION_LEVEL = 0;
				GCC_PREPROCESSOR_DEFINITIONS = (
					"DEBUG=1",
					"$(inherited)",
				);
				GCC_SYMBOLS_PRIVATE_EXTERN = NO;
				GCC_WARN_ABOUT_RETURN_TYPE = YES;
				GCC_WARN_UNINITIALIZED_AUTOS = YES;
				GCC_WARN_UNUSED_VARIABLE = YES;
				IPHONEOS_DEPLOYMENT_TARGET = 6.1;
				ONLY_ACTIVE_ARCH = YES;
				SDKROOT = iphoneos;
				TARGETED_DEVICE_FAMILY = "1,2";
			};
			name = Debug;
		};
		E8B2827416C3AAED008E03A0 /* Release */ = {
			isa = XCBuildConfiguration;
			buildSettings = {
				ALWAYS_SEARCH_USER_PATHS = NO;
				CLANG_CXX_LANGUAGE_STANDARD = "gnu++0x";
				CLANG_CXX_LIBRARY = "libc++";
				CLANG_ENABLE_OBJC_ARC = YES;
				CLANG_WARN_CONSTANT_CONVERSION = YES;
				CLANG_WARN_EMPTY_BODY = YES;
				CLANG_WARN_ENUM_CONVERSION = YES;
				CLANG_WARN_INT_CONVERSION = YES;
				CLANG_WARN__DUPLICATE_METHOD_MATCH = YES;
				"CODE_SIGN_IDENTITY[sdk=iphoneos*]" = "iPhone Developer";
				COPY_PHASE_STRIP = YES;
				GCC_C_LANGUAGE_STANDARD = gnu99;
				GCC_WARN_ABOUT_RETURN_TYPE = YES;
				GCC_WARN_UNINITIALIZED_AUTOS = YES;
				GCC_WARN_UNUSED_VARIABLE = YES;
				IPHONEOS_DEPLOYMENT_TARGET = 6.1;
				OTHER_CFLAGS = "-DNS_BLOCK_ASSERTIONS=1";
				SDKROOT = iphoneos;
				TARGETED_DEVICE_FAMILY = "1,2";
				VALIDATE_PRODUCT = YES;
			};
			name = Release;
		};
		E8B2827616C3AAED008E03A0 /* Debug */ = {
			isa = XCBuildConfiguration;
			buildSettings = {
				GCC_PRECOMPILE_PREFIX_HEADER = YES;
				GCC_PREFIX_HEADER = "test/test-Prefix.pch";
				INFOPLIST_FILE = "test/test-Info.plist";
				PRODUCT_NAME = "$(TARGET_NAME)";
				WRAPPER_EXTENSION = app;
			};
			name = Debug;
		};
		E8B2827716C3AAED008E03A0 /* Release */ = {
			isa = XCBuildConfiguration;
			buildSettings = {
				GCC_PRECOMPILE_PREFIX_HEADER = YES;
				GCC_PREFIX_HEADER = "test/test-Prefix.pch";
				INFOPLIST_FILE = "test/test-Info.plist";
				PRODUCT_NAME = "$(TARGET_NAME)";
				WRAPPER_EXTENSION = app;
			};
			name = Release;
		};
		E8B2827916C3AAED008E03A0 /* Debug */ = {
			isa = XCBuildConfiguration;
			buildSettings = {
				BUNDLE_LOADER = "$(BUILT_PRODUCTS_DIR)/test.app/test";
				FRAMEWORK_SEARCH_PATHS = (
					"\"$(SDKROOT)/Developer/Library/Frameworks\"",
					"\"$(DEVELOPER_LIBRARY_DIR)/Frameworks\"",
				);
				GCC_PRECOMPILE_PREFIX_HEADER = YES;
				GCC_PREFIX_HEADER = "test/test-Prefix.pch";
				INFOPLIST_FILE = "testTests/testTests-Info.plist";
				PRODUCT_NAME = "$(TARGET_NAME)";
				TEST_HOST = "$(BUNDLE_LOADER)";
				WRAPPER_EXTENSION = octest;
			};
			name = Debug;
		};
		E8B2827A16C3AAED008E03A0 /* Release */ = {
			isa = XCBuildConfiguration;
			buildSettings = {
				BUNDLE_LOADER = "$(BUILT_PRODUCTS_DIR)/test.app/test";
				FRAMEWORK_SEARCH_PATHS = (
					"\"$(SDKROOT)/Developer/Library/Frameworks\"",
					"\"$(DEVELOPER_LIBRARY_DIR)/Frameworks\"",
				);
				GCC_PRECOMPILE_PREFIX_HEADER = YES;
				GCC_PREFIX_HEADER = "test/test-Prefix.pch";
				INFOPLIST_FILE = "testTests/testTests-Info.plist";
				PRODUCT_NAME = "$(TARGET_NAME)";
				TEST_HOST = "$(BUNDLE_LOADER)";
				WRAPPER_EXTENSION = octest;
			};
			name = Release;
		};
/* End XCBuildConfiguration section */

/* Begin XCConfigurationList section */
		E8B2822D16C3AAEC008E03A0 /* Build configuration list for PBXProject "test" */ = {
			isa = XCConfigurationList;
			buildConfigurations = (
				E8B2827316C3AAED008E03A0 /* Debug */,
				E8B2827416C3AAED008E03A0 /* Release */,
			);
			defaultConfigurationIsVisible = 0;
			defaultConfigurationName = Release;
		};
		E8B2827516C3AAED008E03A0 /* Build configuration list for PBXNativeTarget "test" */ = {
			isa = XCConfigurationList;
			buildConfigurations = (
				E8B2827616C3AAED008E03A0 /* Debug */,
				E8B2827716C3AAED008E03A0 /* Release */,
			);
			defaultConfigurationIsVisible = 0;
		};
		E8B2827816C3AAED008E03A0 /* Build configuration list for PBXNativeTarget "testTests" */ = {
			isa = XCConfigurationList;
			buildConfigurations = (
				E8B2827916C3AAED008E03A0 /* Debug */,
				E8B2827A16C3AAED008E03A0 /* Release */,
			);
			defaultConfigurationIsVisible = 0;
		};
/* End XCConfigurationList section */
	};
	rootObject = E8B2822A16C3AAEC008E03A0 /* Project object */;
}
